
Microsoft Visual Studio Solution File, Format Version 12.00
# Visual Studio Version 17
VisualStudioVersion = 17.5.33414.496
MinimumVisualStudioVersion = 10.0.40219.1
Project("{FAE04EC0-301F-11D3-BF4B-00C04F79EFBC}") = "EmailReader", "EmailReader\EmailReader.csproj", "{32C40EC1-A9DF-4408-A2BA-AF0C6A9F9FFE}"
EndProject
Global
	GlobalSection(SolutionConfigurationPlatforms) = preSolution
		Debug|Any CPU = Debug|Any CPU
		Release|Any CPU = Release|Any CPU
	EndGlobalSection
	GlobalSection(ProjectConfigurationPlatforms) = postSolution
		{32C40EC1-A9DF-4408-A2BA-AF0C6A9F9FFE}.Debug|Any CPU.ActiveCfg = Debug|Any CPU
		{32C40EC1-A9DF-4408-A2BA-AF0C6A9F9FFE}.Debug|Any CPU.Build.0 = Debug|Any CPU
		{32C40EC1-A9DF-4408-A2BA-AF0C6A9F9FFE}.Release|Any CPU.ActiveCfg = Release|Any CPU
		{32C40EC1-A9DF-4408-A2BA-AF0C6A9F9FFE}.Release|Any CPU.Build.0 = Release|Any CPU
	EndGlobalSection
	GlobalSection(SolutionProperties) = preSolution
		HideSolutionNode = FALSE
	EndGlobalSection
	GlobalSection(ExtensibilityGlobals) = postSolution
		SolutionGuid = {4DD8CC94-3163-41C1-81D4-3D3E150B8E27}
	EndGlobalSection
EndGlobal
